
Microsoft Visual Studio Solution File, Format Version 12.00
# Visual Studio Version 17
VisualStudioVersion = 17.4.33213.308
MinimumVisualStudioVersion = 10.0.40219.1
Project("{FAE04EC0-301F-11D3-BF4B-00C04F79EFBC}") = "integrating1", "integrating1.csproj", "{1D0E6EA2-F4F3-45C7-BC72-6539FD0F0C60}"
EndProject
Global
	GlobalSection(SolutionConfigurationPlatforms) = preSolution
		Debug|Any CPU = Debug|Any CPU
		Release|Any CPU = Release|Any CPU
	EndGlobalSection
	GlobalSection(ProjectConfigurationPlatforms) = postSolution
		{1D0E6EA2-F4F3-45C7-BC72-6539FD0F0C60}.Debug|Any CPU.ActiveCfg = Debug|Any CPU
		{1D0E6EA2-F4F3-45C7-BC72-6539FD0F0C60}.Debug|Any CPU.Build.0 = Debug|Any CPU
		{1D0E6EA2-F4F3-45C7-BC72-6539FD0F0C60}.Release|Any CPU.ActiveCfg = Release|Any CPU
		{1D0E6EA2-F4F3-45C7-BC72-6539FD0F0C60}.Release|Any CPU.Build.0 = Release|Any CPU
	EndGlobalSection
	GlobalSection(SolutionProperties) = preSolution
		HideSolutionNode = FALSE
	EndGlobalSection
	GlobalSection(ExtensibilityGlobals) = postSolution
		SolutionGuid = {C47E4485-F67A-42AE-AFEC-A70B21139AF2}
	EndGlobalSection
EndGlobal
