
Microsoft Visual Studio Solution File, Format Version 12.00
# Visual Studio Version 17
VisualStudioVersion = 17.4.33213.308
MinimumVisualStudioVersion = 10.0.40219.1
Project("{FAE04EC0-301F-11D3-BF4B-00C04F79EFBC}") = "ConsoleApp", "ConsoleApp.csproj", "{104B7BEE-82CA-49AD-A384-6F420AD17A87}"
EndProject
Project("{9A19103F-16F7-4668-BE54-9A1E7A4F7556}") = "MyMath", "..\MathProject\MyMath.csproj", "{A32BDEC2-A21B-4E0C-A7D3-1712AEF636A9}"
EndProject
Project("{9A19103F-16F7-4668-BE54-9A1E7A4F7556}") = "Object", "..\ObjFile\Object.csproj", "{0FEAB484-D5E4-423E-97F0-44E90FE5A596}"
EndProject
Global
	GlobalSection(SolutionConfigurationPlatforms) = preSolution
		Debug|Any CPU = Debug|Any CPU
		Release|Any CPU = Release|Any CPU
	EndGlobalSection
	GlobalSection(ProjectConfigurationPlatforms) = postSolution
		{104B7BEE-82CA-49AD-A384-6F420AD17A87}.Debug|Any CPU.ActiveCfg = Debug|Any CPU
		{104B7BEE-82CA-49AD-A384-6F420AD17A87}.Debug|Any CPU.Build.0 = Debug|Any CPU
		{104B7BEE-82CA-49AD-A384-6F420AD17A87}.Release|Any CPU.ActiveCfg = Release|Any CPU
		{104B7BEE-82CA-49AD-A384-6F420AD17A87}.Release|Any CPU.Build.0 = Release|Any CPU
		{A32BDEC2-A21B-4E0C-A7D3-1712AEF636A9}.Debug|Any CPU.ActiveCfg = Debug|Any CPU
		{A32BDEC2-A21B-4E0C-A7D3-1712AEF636A9}.Debug|Any CPU.Build.0 = Debug|Any CPU
		{A32BDEC2-A21B-4E0C-A7D3-1712AEF636A9}.Release|Any CPU.ActiveCfg = Release|Any CPU
		{A32BDEC2-A21B-4E0C-A7D3-1712AEF636A9}.Release|Any CPU.Build.0 = Release|Any CPU
		{0FEAB484-D5E4-423E-97F0-44E90FE5A596}.Debug|Any CPU.ActiveCfg = Debug|Any CPU
		{0FEAB484-D5E4-423E-97F0-44E90FE5A596}.Debug|Any CPU.Build.0 = Debug|Any CPU
		{0FEAB484-D5E4-423E-97F0-44E90FE5A596}.Release|Any CPU.ActiveCfg = Release|Any CPU
		{0FEAB484-D5E4-423E-97F0-44E90FE5A596}.Release|Any CPU.Build.0 = Release|Any CPU
	EndGlobalSection
	GlobalSection(SolutionProperties) = preSolution
		HideSolutionNode = FALSE
	EndGlobalSection
	GlobalSection(ExtensibilityGlobals) = postSolution
		SolutionGuid = {2BB8A019-4799-4036-B645-8D37E0E032E8}
	EndGlobalSection
EndGlobal
